
Microsoft Visual Studio Solution File, Format Version 12.00
# Visual Studio Version 16
VisualStudioVersion = 16.0.29905.134
MinimumVisualStudioVersion = 10.0.40219.1
Project("{FAE04EC0-301F-11D3-BF4B-00C04F79EFBC}") = "FarmaFarmacie", "FarmaFarmacie\FarmaFarmacie.csproj", "{DC0EB6D0-31B8-4FEF-8B10-C6E015C08551}"
EndProject
Project("{FAE04EC0-301F-11D3-BF4B-00C04F79EFBC}") = "StocareData", "StocareData\StocareData.csproj", "{BE8EF1E2-0D8F-4738-BF1D-AF9A6D7D5987}"
EndProject
Project("{FAE04EC0-301F-11D3-BF4B-00C04F79EFBC}") = "LibrarieMedicamente", "LibrarieMedicamente\LibrarieMedicamente.csproj", "{4006633E-05B2-4A19-BD83-23C6C000B9EA}"
EndProject
Global
	GlobalSection(SolutionConfigurationPlatforms) = preSolution
		Debug|Any CPU = Debug|Any CPU
		Release|Any CPU = Release|Any CPU
	EndGlobalSection
	GlobalSection(ProjectConfigurationPlatforms) = postSolution
		{DC0EB6D0-31B8-4FEF-8B10-C6E015C08551}.Debug|Any CPU.ActiveCfg = Debug|Any CPU
		{DC0EB6D0-31B8-4FEF-8B10-C6E015C08551}.Debug|Any CPU.Build.0 = Debug|Any CPU
		{DC0EB6D0-31B8-4FEF-8B10-C6E015C08551}.Release|Any CPU.ActiveCfg = Release|Any CPU
		{DC0EB6D0-31B8-4FEF-8B10-C6E015C08551}.Release|Any CPU.Build.0 = Release|Any CPU
		{BE8EF1E2-0D8F-4738-BF1D-AF9A6D7D5987}.Debug|Any CPU.ActiveCfg = Debug|Any CPU
		{BE8EF1E2-0D8F-4738-BF1D-AF9A6D7D5987}.Debug|Any CPU.Build.0 = Debug|Any CPU
		{BE8EF1E2-0D8F-4738-BF1D-AF9A6D7D5987}.Release|Any CPU.ActiveCfg = Release|Any CPU
		{BE8EF1E2-0D8F-4738-BF1D-AF9A6D7D5987}.Release|Any CPU.Build.0 = Release|Any CPU
		{4006633E-05B2-4A19-BD83-23C6C000B9EA}.Debug|Any CPU.ActiveCfg = Debug|Any CPU
		{4006633E-05B2-4A19-BD83-23C6C000B9EA}.Debug|Any CPU.Build.0 = Debug|Any CPU
		{4006633E-05B2-4A19-BD83-23C6C000B9EA}.Release|Any CPU.ActiveCfg = Release|Any CPU
		{4006633E-05B2-4A19-BD83-23C6C000B9EA}.Release|Any CPU.Build.0 = Release|Any CPU
	EndGlobalSection
	GlobalSection(SolutionProperties) = preSolution
		HideSolutionNode = FALSE
	EndGlobalSection
	GlobalSection(ExtensibilityGlobals) = postSolution
		SolutionGuid = {21D54897-A825-4DD6-8A09-C8DEAA1CAE01}
	EndGlobalSection
EndGlobal
